
Microsoft Visual Studio Solution File, Format Version 12.00
Project("{2150E333-8FDC-42A3-9474-1A3956D46DE8}") = "src", "src", "{6BA69945-557A-41B3-A61A-15F7380D5C09}"
EndProject
Project("{FAE04EC0-301F-11D3-BF4B-00C04F79EFBC}") = "my-portfolio.API", "my-portfolio.API\my-portfolio.API.csproj", "{972DF93C-AE7F-474A-8967-5D2B33480D8E}"
EndProject
Project("{FAE04EC0-301F-11D3-BF4B-00C04F79EFBC}") = "my-portfolio.Application", "my-portfolio.Application\my-portfolio.Application.csproj", "{2A980D7F-A663-466C-A27D-4FBB2D88B2FA}"
EndProject
Project("{FAE04EC0-301F-11D3-BF4B-00C04F79EFBC}") = "my-portfolio.Domain", "my-portfolio.Domain\my-portfolio.Domain.csproj", "{C0FE4655-6F8E-4BB0-9858-704A96EA0DA0}"
EndProject
Project("{FAE04EC0-301F-11D3-BF4B-00C04F79EFBC}") = "my-portfolio.Infra.Data", "my-portfolio.Infra.Data\my-portfolio.Infra.Data.csproj", "{F706EB6B-45B2-4A07-9EE2-7DC2B5EDC277}"
EndProject
Project("{2150E333-8FDC-42A3-9474-1A3956D46DE8}") = "API", "API", "{525F5FE8-3CCF-4C56-84A6-A4AE32020E8C}"
EndProject
Project("{2150E333-8FDC-42A3-9474-1A3956D46DE8}") = "Application", "Application", "{DAE6D036-8B45-4C88-B7FE-C56818041CA0}"
EndProject
Project("{2150E333-8FDC-42A3-9474-1A3956D46DE8}") = "Domain", "Domain", "{6297E1A3-25DD-4520-BF2D-121B0618ADFB}"
EndProject
Project("{2150E333-8FDC-42A3-9474-1A3956D46DE8}") = "Infra", "Infra", "{78391BAD-9B8F-4AEF-95E7-2AE194B9C316}"
EndProject
Project("{2150E333-8FDC-42A3-9474-1A3956D46DE8}") = "Data", "Data", "{A3704B4D-80EB-45FB-874E-1943886A95DC}"
EndProject
Project("{2150E333-8FDC-42A3-9474-1A3956D46DE8}") = "CrossCutting", "CrossCutting", "{44322C1D-06C2-446C-AB6E-F74036326429}"
EndProject
Project("{FAE04EC0-301F-11D3-BF4B-00C04F79EFBC}") = "my-portfolio.Infra.CrossCutting", "my-portfolio.Infra.CrossCutting\my-portfolio.Infra.CrossCutting.csproj", "{58F03D08-4F4F-46E3-AF0B-93A9A18EF23E}"
EndProject
Global
	GlobalSection(SolutionConfigurationPlatforms) = preSolution
		Debug|Any CPU = Debug|Any CPU
		Release|Any CPU = Release|Any CPU
	EndGlobalSection
	GlobalSection(NestedProjects) = preSolution
		{525F5FE8-3CCF-4C56-84A6-A4AE32020E8C} = {6BA69945-557A-41B3-A61A-15F7380D5C09}
		{972DF93C-AE7F-474A-8967-5D2B33480D8E} = {525F5FE8-3CCF-4C56-84A6-A4AE32020E8C}
		{DAE6D036-8B45-4C88-B7FE-C56818041CA0} = {6BA69945-557A-41B3-A61A-15F7380D5C09}
		{2A980D7F-A663-466C-A27D-4FBB2D88B2FA} = {DAE6D036-8B45-4C88-B7FE-C56818041CA0}
		{6297E1A3-25DD-4520-BF2D-121B0618ADFB} = {6BA69945-557A-41B3-A61A-15F7380D5C09}
		{C0FE4655-6F8E-4BB0-9858-704A96EA0DA0} = {6297E1A3-25DD-4520-BF2D-121B0618ADFB}
		{78391BAD-9B8F-4AEF-95E7-2AE194B9C316} = {6BA69945-557A-41B3-A61A-15F7380D5C09}
		{A3704B4D-80EB-45FB-874E-1943886A95DC} = {78391BAD-9B8F-4AEF-95E7-2AE194B9C316}
		{F706EB6B-45B2-4A07-9EE2-7DC2B5EDC277} = {A3704B4D-80EB-45FB-874E-1943886A95DC}
		{44322C1D-06C2-446C-AB6E-F74036326429} = {78391BAD-9B8F-4AEF-95E7-2AE194B9C316}
		{58F03D08-4F4F-46E3-AF0B-93A9A18EF23E} = {44322C1D-06C2-446C-AB6E-F74036326429}
	EndGlobalSection
	GlobalSection(ProjectConfigurationPlatforms) = postSolution
		{972DF93C-AE7F-474A-8967-5D2B33480D8E}.Debug|Any CPU.ActiveCfg = Debug|Any CPU
		{972DF93C-AE7F-474A-8967-5D2B33480D8E}.Debug|Any CPU.Build.0 = Debug|Any CPU
		{972DF93C-AE7F-474A-8967-5D2B33480D8E}.Release|Any CPU.ActiveCfg = Release|Any CPU
		{972DF93C-AE7F-474A-8967-5D2B33480D8E}.Release|Any CPU.Build.0 = Release|Any CPU
		{2A980D7F-A663-466C-A27D-4FBB2D88B2FA}.Debug|Any CPU.ActiveCfg = Debug|Any CPU
		{2A980D7F-A663-466C-A27D-4FBB2D88B2FA}.Debug|Any CPU.Build.0 = Debug|Any CPU
		{2A980D7F-A663-466C-A27D-4FBB2D88B2FA}.Release|Any CPU.ActiveCfg = Release|Any CPU
		{2A980D7F-A663-466C-A27D-4FBB2D88B2FA}.Release|Any CPU.Build.0 = Release|Any CPU
		{C0FE4655-6F8E-4BB0-9858-704A96EA0DA0}.Debug|Any CPU.ActiveCfg = Debug|Any CPU
		{C0FE4655-6F8E-4BB0-9858-704A96EA0DA0}.Debug|Any CPU.Build.0 = Debug|Any CPU
		{C0FE4655-6F8E-4BB0-9858-704A96EA0DA0}.Release|Any CPU.ActiveCfg = Release|Any CPU
		{C0FE4655-6F8E-4BB0-9858-704A96EA0DA0}.Release|Any CPU.Build.0 = Release|Any CPU
		{F706EB6B-45B2-4A07-9EE2-7DC2B5EDC277}.Debug|Any CPU.ActiveCfg = Debug|Any CPU
		{F706EB6B-45B2-4A07-9EE2-7DC2B5EDC277}.Debug|Any CPU.Build.0 = Debug|Any CPU
		{F706EB6B-45B2-4A07-9EE2-7DC2B5EDC277}.Release|Any CPU.ActiveCfg = Release|Any CPU
		{F706EB6B-45B2-4A07-9EE2-7DC2B5EDC277}.Release|Any CPU.Build.0 = Release|Any CPU
		{58F03D08-4F4F-46E3-AF0B-93A9A18EF23E}.Debug|Any CPU.ActiveCfg = Debug|Any CPU
		{58F03D08-4F4F-46E3-AF0B-93A9A18EF23E}.Debug|Any CPU.Build.0 = Debug|Any CPU
		{58F03D08-4F4F-46E3-AF0B-93A9A18EF23E}.Release|Any CPU.ActiveCfg = Release|Any CPU
		{58F03D08-4F4F-46E3-AF0B-93A9A18EF23E}.Release|Any CPU.Build.0 = Release|Any CPU
	EndGlobalSection
EndGlobal
